
Microsoft Visual Studio Solution File, Format Version 12.00
# Visual Studio Version 16
VisualStudioVersion = 16.0.31005.135
MinimumVisualStudioVersion = 10.0.40219.1
Project("{FAE04EC0-301F-11D3-BF4B-00C04F79EFBC}") = "Steam Workshop Sorter", "Steam Workshop Sorter\Steam Workshop Sorter.csproj", "{B2F47ED3-1B9E-4909-A8E5-A375A9730D2A}"
EndProject
Global
	GlobalSection(SolutionConfigurationPlatforms) = preSolution
		Debug|Any CPU = Debug|Any CPU
		Release|Any CPU = Release|Any CPU
	EndGlobalSection
	GlobalSection(ProjectConfigurationPlatforms) = postSolution
		{B2F47ED3-1B9E-4909-A8E5-A375A9730D2A}.Debug|Any CPU.ActiveCfg = Debug|Any CPU
		{B2F47ED3-1B9E-4909-A8E5-A375A9730D2A}.Debug|Any CPU.Build.0 = Debug|Any CPU
		{B2F47ED3-1B9E-4909-A8E5-A375A9730D2A}.Release|Any CPU.ActiveCfg = Release|Any CPU
		{B2F47ED3-1B9E-4909-A8E5-A375A9730D2A}.Release|Any CPU.Build.0 = Release|Any CPU
	EndGlobalSection
	GlobalSection(SolutionProperties) = preSolution
		HideSolutionNode = FALSE
	EndGlobalSection
	GlobalSection(ExtensibilityGlobals) = postSolution
		SolutionGuid = {483243F1-F6B7-46D9-A513-BC2F2FEBB2B1}
	EndGlobalSection
EndGlobal
